{
    "_readme": [
        "This file locks the dependencies of your project to a known state",
        "Read more about it at https://getcomposer.org/doc/01-basic-usage.md#composer-lock-the-lock-file",
        "This file is @generated automatically"
    ],
    "hash": "2338563b6250c2ca298b0094442218e3",
    "content-hash": "57c70a3d486c259c415bcd4372916681",
    "packages": [
        {
            "name": "platformsh/config-reader",
            "version": "v0.0.1",
            "source": {
                "type": "git",
                "url": "https://github.com/platformsh/platformsh-php-helper.git",
                "reference": "21703980f8badb35a81518963a55256c51ef1220"
            },
            "dist": {
                "type": "zip",
                "url": "https://api.github.com/repos/platformsh/platformsh-php-helper/zipball/21703980f8badb35a81518963a55256c51ef1220",
                "reference": "21703980f8badb35a81518963a55256c51ef1220",
                "shasum": ""
            },
            "require": {
                "php": ">=5.4"
            },
            "require-dev": {
                "phpunit/phpunit": "^4.8"
            },
            "type": "library",
            "autoload": {
                "psr-4": {
                    "Platformsh\\ConfigReader\\": "src"
                }
            },
            "notification-url": "https://packagist.org/downloads/",
            "license": [
                "BSD"
            ],
            "authors": [
                {
                    "name": "Patrick Dawkins"
                },
                {
                    "name": "Ori Pekelman",
                    "email": "ori+github@pekelman.com"
                }
            ],
            "description": "Small helper to access Platform.sh environment variables",
            "time": "2015-11-20 11:33:07"
        }
    ],
    "packages-dev": [],
    "aliases": [],
    "minimum-stability": "stable",
    "stability-flags": [],
    "prefer-stable": false,
    "prefer-lowest": false,
    "platform": [],
    "platform-dev": []
}
